
Microsoft Visual Studio Solution File, Format Version 12.00
# Visual Studio Version 16
VisualStudioVersion = 16.0.32228.343
MinimumVisualStudioVersion = 10.0.40219.1
Project("{FAE04EC0-301F-11D3-BF4B-00C04F79EFBC}") = "Farbemind", "Farbemind.csproj", "{EB006468-3FAD-461B-B934-466E9792C115}"
EndProject
Global
	GlobalSection(SolutionConfigurationPlatforms) = preSolution
		Debug|Any CPU = Debug|Any CPU
		Release|Any CPU = Release|Any CPU
	EndGlobalSection
	GlobalSection(ProjectConfigurationPlatforms) = postSolution
		{EB006468-3FAD-461B-B934-466E9792C115}.Debug|Any CPU.ActiveCfg = Debug|Any CPU
		{EB006468-3FAD-461B-B934-466E9792C115}.Debug|Any CPU.Build.0 = Debug|Any CPU
		{EB006468-3FAD-461B-B934-466E9792C115}.Release|Any CPU.ActiveCfg = Release|Any CPU
		{EB006468-3FAD-461B-B934-466E9792C115}.Release|Any CPU.Build.0 = Release|Any CPU
	EndGlobalSection
	GlobalSection(SolutionProperties) = preSolution
		HideSolutionNode = FALSE
	EndGlobalSection
	GlobalSection(ExtensibilityGlobals) = postSolution
		SolutionGuid = {BAE5C60A-87BC-4B73-8B9F-B169A981B449}
	EndGlobalSection
EndGlobal
